
Microsoft Visual Studio Solution File, Format Version 12.00
# Visual Studio 15
VisualStudioVersion = 15.0.26124.0
MinimumVisualStudioVersion = 15.0.26124.0
Project("{FAE04EC0-301F-11D3-BF4B-00C04F79EFBC}") = "Pmkb.Bot", "src/Pmkb.Bot.csproj", "{C9619C05-8279-4C9F-91EF-E891CAC613FC}"
EndProject
Project("{2150E333-8FDC-42A3-9474-1A3956D46DE8}") = "Solution Items", "Solution Items", "{905CB812-9725-46F3-9AC6-AAD1D22A1F5E}"
	ProjectSection(SolutionItems) = preProject
		.dockerignore = .dockerignore
		.editorconfig = .editorconfig
		.gitignore = .gitignore
		Dockerfile = Dockerfile
		Readme.md = Readme.md
	EndProjectSection
EndProject
Global
	GlobalSection(SolutionConfigurationPlatforms) = preSolution
		Debug|Any CPU = Debug|Any CPU
		Debug|x64 = Debug|x64
		Debug|x86 = Debug|x86
		Release|Any CPU = Release|Any CPU
		Release|x64 = Release|x64
		Release|x86 = Release|x86
	EndGlobalSection
	GlobalSection(SolutionProperties) = preSolution
		HideSolutionNode = FALSE
	EndGlobalSection
	GlobalSection(ProjectConfigurationPlatforms) = postSolution
		{C9619C05-8279-4C9F-91EF-E891CAC613FC}.Debug|Any CPU.ActiveCfg = Debug|Any CPU
		{C9619C05-8279-4C9F-91EF-E891CAC613FC}.Debug|Any CPU.Build.0 = Debug|Any CPU
		{C9619C05-8279-4C9F-91EF-E891CAC613FC}.Debug|x64.ActiveCfg = Debug|Any CPU
		{C9619C05-8279-4C9F-91EF-E891CAC613FC}.Debug|x64.Build.0 = Debug|Any CPU
		{C9619C05-8279-4C9F-91EF-E891CAC613FC}.Debug|x86.ActiveCfg = Debug|Any CPU
		{C9619C05-8279-4C9F-91EF-E891CAC613FC}.Debug|x86.Build.0 = Debug|Any CPU
		{C9619C05-8279-4C9F-91EF-E891CAC613FC}.Release|Any CPU.ActiveCfg = Release|Any CPU
		{C9619C05-8279-4C9F-91EF-E891CAC613FC}.Release|Any CPU.Build.0 = Release|Any CPU
		{C9619C05-8279-4C9F-91EF-E891CAC613FC}.Release|x64.ActiveCfg = Release|Any CPU
		{C9619C05-8279-4C9F-91EF-E891CAC613FC}.Release|x64.Build.0 = Release|Any CPU
		{C9619C05-8279-4C9F-91EF-E891CAC613FC}.Release|x86.ActiveCfg = Release|Any CPU
		{C9619C05-8279-4C9F-91EF-E891CAC613FC}.Release|x86.Build.0 = Release|Any CPU
	EndGlobalSection
	GlobalSection(NestedProjects) = preSolution
	EndGlobalSection
EndGlobal
